<?xml version="1.0" encoding="utf-8"?>
<Project ToolsVersion="4.0" xmlns="http://schemas.microsoft.com/developer/msbuild/2003">
  <ItemGroup>
    <Filter Include="Resource Files">
      <UniqueIdentifier>{67DA6AB6-F800-4c08-8B7A-83BB121AAD01}</UniqueIdentifier>
      <Extensions>rc;ico;cur;bmp;dlg;rc2;rct;bin;rgs;gif;jpg;jpeg;jpe;resx;tiff;tif;png;wav;mfcribbon-ms</Extensions>
    </Filter>
    <Filter Include="Settings">
      <UniqueIdentifier>{d7cf7a51-7b89-49ac-a761-50f3b4298bbe}</UniqueIdentifier>
    </Filter>
    <Filter Include="Command Line">
      <UniqueIdentifier>{64cf5b61-68b4-4d93-a4af-f23b6eb8feb5}</UniqueIdentifier>
    </Filter>
    <Filter Include="Main Files">
      <UniqueIdentifier>{4FC737F1-C7A5-4376-A066-2A32D752A2FF}</UniqueIdentifier>
      <Extensions>cpp;c;cc;cxx;def;odl;idl;hpj;bat;asm;asmx</Extensions>
    </Filter>
    <Filter Include="Main Files\Main Skeleton">
      <UniqueIdentifier>{bd6216e8-f41f-45f1-80fd-b5557e78aff0}</UniqueIdentifier>
    </Filter>
    <Filter Include="Code Page">
      <UniqueIdentifier>{8c07723e-86fb-4a6d-9d20-b1c9320bf513}</UniqueIdentifier>
    </Filter>
    <Filter Include="Main Files\Main Skeleton\Frame UI">
      <UniqueIdentifier>{68cb65cc-c254-4dc8-9119-a6a06905e986}</UniqueIdentifier>
    </Filter>
    <Filter Include="Main Files\Main Skeleton\Application">
      <UniqueIdentifier>{8f68210f-22a8-4942-9d0a-f30623454036}</UniqueIdentifier>
    </Filter>
    <Filter Include="Utils">
      <UniqueIdentifier>{0ae4e775-a92e-4b42-93e5-d85752b89132}</UniqueIdentifier>
    </Filter>
    <Filter Include="Main Files\Main Skeleton\View">
      <UniqueIdentifier>{19c2479f-3620-455d-9173-11dad29517a3}</UniqueIdentifier>
    </Filter>
    <Filter Include="Main Files\Main Skeleton\Document">
      <UniqueIdentifier>{2e090b98-6424-418e-951c-b1add0c4ff88}</UniqueIdentifier>
    </Filter>
    <Filter Include="Dock Windows">
      <UniqueIdentifier>{03c4fb31-945f-4a82-b583-9b05cf57c455}</UniqueIdentifier>
    </Filter>
    <Filter Include="Dock Windows\Base">
      <UniqueIdentifier>{85f6c840-d114-4d43-b82e-b26fb1f6563b}</UniqueIdentifier>
    </Filter>
    <Filter Include="Dock Windows\Message Window">
      <UniqueIdentifier>{209a2acb-dd8d-4a5f-86af-93e0d1533a13}</UniqueIdentifier>
    </Filter>
    <Filter Include="Dock Windows\Bookmark Window">
      <UniqueIdentifier>{2eed5c06-c16e-41e5-b61c-8c5d0abb18e4}</UniqueIdentifier>
    </Filter>
    <Filter Include="SearchEngine">
      <UniqueIdentifier>{b29494b1-57ba-4c04-ae28-a7bc77f99561}</UniqueIdentifier>
    </Filter>
    <Filter Include="Dock Windows\Breakpoint Window">
      <UniqueIdentifier>{9331b459-6bee-49f4-a92e-f9e2576b785a}</UniqueIdentifier>
    </Filter>
    <Filter Include="TinyXml">
      <UniqueIdentifier>{cce40058-a43d-4b6f-a47c-65c576b2e89c}</UniqueIdentifier>
    </Filter>
    <Filter Include="Translator">
      <UniqueIdentifier>{829a21cd-0d13-4086-b2da-3f953465d27a}</UniqueIdentifier>
    </Filter>
    <Filter Include="Global Header">
      <UniqueIdentifier>{93995380-89BD-4b04-88EB-625FBE52EBFB}</UniqueIdentifier>
      <Extensions>h;hh;hpp;hxx;hm;inl;inc;xsd</Extensions>
    </Filter>
    <Filter Include="Internet">
      <UniqueIdentifier>{c0442832-41fc-46d5-b521-2e1cbab29cbc}</UniqueIdentifier>
    </Filter>
    <Filter Include="Windows Printer">
      <UniqueIdentifier>{79cc2e56-c4c6-4d9f-9f92-4ff3f36e7008}</UniqueIdentifier>
    </Filter>
    <Filter Include="Dialog GUI">
      <UniqueIdentifier>{0a2c8c20-7e31-4787-b440-9bdffb60295b}</UniqueIdentifier>
    </Filter>
    <Filter Include="Dialog GUI\Base">
      <UniqueIdentifier>{d045fb26-f0bc-4af3-9593-2637b08499b0}</UniqueIdentifier>
    </Filter>
    <Filter Include="Component GUI">
      <UniqueIdentifier>{a48283b4-f48c-4b36-ab0c-2b6ba146c0a9}</UniqueIdentifier>
    </Filter>
    <Filter Include="Component GUI\Editor">
      <UniqueIdentifier>{16923a8a-e684-4c83-b437-ecaafc787669}</UniqueIdentifier>
    </Filter>
    <Filter Include="Component GUI\Editor\Lexer">
      <UniqueIdentifier>{a5675bf3-1762-4788-be61-cba50724ceec}</UniqueIdentifier>
    </Filter>
    <Filter Include="Component GUI\Editor\Database">
      <UniqueIdentifier>{4baf008d-85a1-455a-8e89-1c4aeb664aad}</UniqueIdentifier>
    </Filter>
    <Filter Include="Component GUI\Editor\File IO">
      <UniqueIdentifier>{64a6ed2e-61ef-429f-a049-401baac8abfd}</UniqueIdentifier>
    </Filter>
    <Filter Include="Component GUI\Editor\Editor">
      <UniqueIdentifier>{ff64d318-f6e8-41c7-b736-5722c7bf1b57}</UniqueIdentifier>
    </Filter>
    <Filter Include="Component GUI\Editor\Unicode Mozilla">
      <UniqueIdentifier>{75c16abb-e43e-47b3-a674-ecc66100084d}</UniqueIdentifier>
    </Filter>
    <Filter Include="Component GUI\Editor\Template File">
      <UniqueIdentifier>{5abc48d1-0450-49d0-af70-003625629d26}</UniqueIdentifier>
    </Filter>
    <Filter Include="Component GUI\Media">
      <UniqueIdentifier>{6841431f-4302-46fa-87c5-583b19ebec87}</UniqueIdentifier>
    </Filter>
    <Filter Include="Component GUI\Image Processing">
      <UniqueIdentifier>{9717897b-7dfa-40a9-8686-11f328b1eafa}</UniqueIdentifier>
    </Filter>
    <Filter Include="Component GUI\MFC GUI">
      <UniqueIdentifier>{682fa61b-d5f9-453c-a572-661e3054d5b3}</UniqueIdentifier>
    </Filter>
    <Filter Include="Component GUI\PDFViewer">
      <UniqueIdentifier>{fee1ec3a-acf8-4892-8f83-e5261350b89b}</UniqueIdentifier>
    </Filter>
    <Filter Include="Component GUI\PDFViewer\Arobat Reader">
      <UniqueIdentifier>{096b44f4-d938-4f4d-b6d4-aa7afdc8a041}</UniqueIdentifier>
    </Filter>
    <Filter Include="Component GUI\PDFViewer\PDFium">
      <UniqueIdentifier>{4a9cd0f6-c0a2-4ac0-996e-4051298e5041}</UniqueIdentifier>
    </Filter>
    <Filter Include="Component GUI\PDFViewer\PDFium\UXReaderLibrary">
      <UniqueIdentifier>{006078ab-1898-4673-8996-5233a000dc2a}</UniqueIdentifier>
    </Filter>
    <Filter Include="Component GUI\PDFViewer\PDFium\UXReaderToolbar">
      <UniqueIdentifier>{004907fb-8207-4273-8199-938e1bb9bf2a}</UniqueIdentifier>
    </Filter>
    <Filter Include="Component GUI\PDFViewer\PDFium\UXReaderSupport">
      <UniqueIdentifier>{e4dcb4c0-2367-4cf3-8154-add2153f44a5}</UniqueIdentifier>
    </Filter>
    <Filter Include="Component GUI\PDFViewer\PDFium\UXReaderView">
      <UniqueIdentifier>{9ed041e1-09f6-4cc7-a5a9-20e33bd46804}</UniqueIdentifier>
    </Filter>
    <Filter Include="Component GUI\PDFViewer\PDFium\UXReaderInclude">
      <UniqueIdentifier>{1ca7ce44-9444-4774-866f-af66e57455f5}</UniqueIdentifier>
    </Filter>
    <Filter Include="Dock Windows\File Explorer Window">
      <UniqueIdentifier>{b10a43e8-bfae-4e0e-8814-85b766178e7e}</UniqueIdentifier>
    </Filter>
    <Filter Include="Dock Windows\Search Path Result Window">
      <UniqueIdentifier>{fe92f101-f211-4be6-b1a5-3b86d3e5be96}</UniqueIdentifier>
    </Filter>
    <Filter Include="Dock Windows\Search Text Result Window">
      <UniqueIdentifier>{f90441f1-ad8c-4dde-8b26-3655b388e4f7}</UniqueIdentifier>
    </Filter>
    <Filter Include="Dock Windows\Status Bar Window">
      <UniqueIdentifier>{c76a9d50-01d6-420c-8e9f-371f8eb09e82}</UniqueIdentifier>
    </Filter>
    <Filter Include="Dock Windows\Build Debug Window">
      <UniqueIdentifier>{60ec5d1d-8a97-4a9a-a553-f04d8d81d798}</UniqueIdentifier>
    </Filter>
    <Filter Include="Dock Windows\Build Debug Window\Compiler">
      <UniqueIdentifier>{7a855b76-ea45-49d3-b364-bb7991ec919c}</UniqueIdentifier>
    </Filter>
    <Filter Include="Dock Windows\Build Debug Window\Debugger">
      <UniqueIdentifier>{330984e3-3355-4270-8f45-4aa07f42a9b1}</UniqueIdentifier>
    </Filter>
    <Filter Include="Dock Windows\Build Debug Window\IPC">
      <UniqueIdentifier>{9cade6f1-a34f-49f1-9d77-2528d8112060}</UniqueIdentifier>
    </Filter>
    <Filter Include="Dock Windows\Search And Replace Window">
      <UniqueIdentifier>{15225a90-3811-426a-a2e6-03d7892453e1}</UniqueIdentifier>
    </Filter>
    <Filter Include="Dock Windows\Search And Replace Window\Quick Search">
      <UniqueIdentifier>{16402714-dbb6-4e52-a45a-4d0ecc732b7f}</UniqueIdentifier>
    </Filter>
  </ItemGroup>
  <ItemGroup>
    <Text Include="ReadMe.md" />
    <Text Include="uchardet\README.TXT">
      <Filter>Component GUI\Editor\Unicode Mozilla</Filter>
    </Text>
  </ItemGroup>
  <ItemGroup>
    <ClInclude Include="targetver.h">
      <Filter>Global Header</Filter>
    </ClInclude>
    <ClInclude Include="Resource.h">
      <Filter>Global Header</Filter>
    </ClInclude>
    <ClInclude Include="EditorDatabase.h">
      <Filter>Component GUI\Editor\Database</Filter>
    </ClInclude>
    <ClInclude Include="FileExplorerCtrl.h">
      <Filter>Dock Windows\File Explorer Window</Filter>
    </ClInclude>
    <ClInclude Include="FileExplorerDlg.h">
      <Filter>Dock Windows\File Explorer Window</Filter>
    </ClInclude>
    <ClInclude Include="stdafx.h">
      <Filter>Global Header</Filter>
    </ClInclude>
    <ClInclude Include="ProgramStatusBarEx.h">
      <Filter>Dock Windows\Status Bar Window</Filter>
    </ClInclude>
    <ClInclude Include="FindDlg.h">
      <Filter>Dock Windows\Search And Replace Window</Filter>
    </ClInclude>
    <ClInclude Include="ReplaceDlg.h">
      <Filter>Dock Windows\Search And Replace Window</Filter>
    </ClInclude>
    <ClInclude Include="GotoDlg.h">
      <Filter>Dock Windows\Search And Replace Window</Filter>
    </ClInclude>
    <ClInclude Include="SearchAndReplaceDlg.h">
      <Filter>Dock Windows\Search And Replace Window</Filter>
    </ClInclude>
    <ClInclude Include="SearchEngine.h">
      <Filter>SearchEngine</Filter>
    </ClInclude>
    <ClInclude Include="ShellContextMenu.h">
      <Filter>Dock Windows\File Explorer Window</Filter>
    </ClInclude>
    <ClInclude Include="tinyXml\tinystr.h">
      <Filter>TinyXml</Filter>
    </ClInclude>
    <ClInclude Include="tinyXml\tinyxml.h">
      <Filter>TinyXml</Filter>
    </ClInclude>
    <ClInclude Include="CommandLine.h">
      <Filter>Command Line</Filter>
    </ClInclude>
    <ClInclude Include="DockPaneBase.h">
      <Filter>Dock Windows\Base</Filter>
    </ClInclude>
    <ClInclude Include="MessageWindow.h">
      <Filter>Dock Windows\Message Window</Filter>
    </ClInclude>
    <ClInclude Include="BuildWindow.h">
      <Filter>Dock Windows\Build Debug Window</Filter>
    </ClInclude>
    <ClInclude Include="StringHelper.h">
      <Filter>Utils</Filter>
    </ClInclude>
    <ClInclude Include="SetDeleteFileByExtDlg.h">
      <Filter>Dialog GUI</Filter>
    </ClInclude>
    <ClInclude Include="SetBookmarkPathDlg.h">
      <Filter>Dialog GUI</Filter>
    </ClInclude>
    <ClInclude Include="SelectedPathDlg.h">
      <Filter>Dialog GUI</Filter>
    </ClInclude>
    <ClInclude Include="RemoveFromXToYDlg.h">
      <Filter>Dialog GUI</Filter>
    </ClInclude>
    <ClInclude Include="FilenameFilterDlg.h">
      <Filter>Dialog GUI</Filter>
    </ClInclude>
    <ClInclude Include="EditWithXDlg.h">
      <Filter>Dialog GUI</Filter>
    </ClInclude>
    <ClInclude Include="BookMarkPathDlg.h">
      <Filter>Dialog GUI</Filter>
    </ClInclude>
    <ClInclude Include="RemoveAfterBeforeWordDlg.h">
      <Filter>Dialog GUI</Filter>
    </ClInclude>
    <ClInclude Include="InsertFromPositionXDlg.h">
      <Filter>Dialog GUI</Filter>
    </ClInclude>
    <ClInclude Include="InsertAfterWordInLineDlg.h">
      <Filter>Dialog GUI</Filter>
    </ClInclude>
    <ClInclude Include="BracketOutLineDlg.h">
      <Filter>Dock Windows\Search And Replace Window</Filter>
    </ClInclude>
    <ClInclude Include="RAIIUtils.h">
      <Filter>Utils</Filter>
    </ClInclude>
    <ClInclude Include="Cryptography.h">
      <Filter>Component GUI\Editor\File IO</Filter>
    </ClInclude>
    <ClInclude Include="EnumDef.h">
      <Filter>Global Header</Filter>
    </ClInclude>
    <ClInclude Include="SystemInfo.h">
      <Filter>Utils</Filter>
    </ClInclude>
    <ClInclude Include="CodePageMFC.h">
      <Filter>Code Page</Filter>
    </ClInclude>
    <ClInclude Include="CodePageMFCDlg.h">
      <Filter>Code Page</Filter>
    </ClInclude>
    <ClInclude Include="Compiler.h">
      <Filter>Dock Windows\Build Debug Window\Compiler</Filter>
    </ClInclude>
    <ClInclude Include="FileUtil.h">
      <Filter>Utils</Filter>
    </ClInclude>
    <ClInclude Include="LexerParser.h">
      <Filter>Component GUI\Editor\Lexer</Filter>
    </ClInclude>
    <ClInclude Include="InsertBetweenLines.h">
      <Filter>Dialog GUI</Filter>
    </ClInclude>
    <ClInclude Include="EditorDataStructure.h">
      <Filter>Component GUI\Editor\Database</Filter>
    </ClInclude>
    <ClInclude Include="ImageDoc.h">
      <Filter>Main Files\Main Skeleton\Document</Filter>
    </ClInclude>
    <ClInclude Include="EditorDoc.h">
      <Filter>Main Files\Main Skeleton\Document</Filter>
    </ClInclude>
    <ClInclude Include="PdfDoc.h">
      <Filter>Main Files\Main Skeleton\Document</Filter>
    </ClInclude>
    <ClInclude Include="BaseDoc.h">
      <Filter>Main Files\Main Skeleton\Document</Filter>
    </ClInclude>
    <ClInclude Include="ChildFrm.h">
      <Filter>Main Files\Main Skeleton\Frame UI</Filter>
    </ClInclude>
    <ClInclude Include="MainFrm.h">
      <Filter>Main Files\Main Skeleton\Frame UI</Filter>
    </ClInclude>
    <ClInclude Include="SingleInstanceApp.h">
      <Filter>Main Files\Main Skeleton\Application</Filter>
    </ClInclude>
    <ClInclude Include="AppSettings.h">
      <Filter>Settings</Filter>
    </ClInclude>
    <ClInclude Include="VinaTextApp.h">
      <Filter>Main Files\Main Skeleton\Application</Filter>
    </ClInclude>
    <ClInclude Include="GammaDlg.h">
      <Filter>Dialog GUI</Filter>
    </ClInclude>
    <ClInclude Include="MultiDocTemplateEx.h">
      <Filter>Main Files\Main Skeleton\Application</Filter>
    </ClInclude>
    <ClInclude Include="AppUtil.h">
      <Filter>Utils</Filter>
    </ClInclude>
    <ClInclude Include="SpellChecker.h">
      <Filter>Utils</Filter>
    </ClInclude>
    <ClInclude Include="MisspelledReplaceWithDlg.h">
      <Filter>Dialog GUI</Filter>
    </ClInclude>
    <ClInclude Include="EditorView.h">
      <Filter>Main Files\Main Skeleton\View</Filter>
    </ClInclude>
    <ClInclude Include="ImageView.h">
      <Filter>Main Files\Main Skeleton\View</Filter>
    </ClInclude>
    <ClInclude Include="PdfView.h">
      <Filter>Main Files\Main Skeleton\View</Filter>
    </ClInclude>
    <ClInclude Include="RecentCloseFileManager.h">
      <Filter>Main Files\Main Skeleton\Application</Filter>
    </ClInclude>
    <ClInclude Include="QuickSearchDialog.h">
      <Filter>Dock Windows\Search And Replace Window\Quick Search</Filter>
    </ClInclude>
    <ClInclude Include="QuickSearch.h">
      <Filter>Dock Windows\Search And Replace Window\Quick Search</Filter>
    </ClInclude>
    <ClInclude Include="QuickReplace.h">
      <Filter>Dock Windows\Search And Replace Window\Quick Search</Filter>
    </ClInclude>
    <ClInclude Include="SaveFileWithPassWordDlg.h">
      <Filter>Dialog GUI</Filter>
    </ClInclude>
    <ClInclude Include="ReopenFileWithPasswordDlg.h">
      <Filter>Dialog GUI</Filter>
    </ClInclude>
    <ClInclude Include="CWMPEventDispatch.h">
      <Filter>Component GUI\Media</Filter>
    </ClInclude>
    <ClInclude Include="CWMPHost.h">
      <Filter>Component GUI\Media</Filter>
    </ClInclude>
    <ClInclude Include="GifHandler.h">
      <Filter>Component GUI\Image Processing</Filter>
    </ClInclude>
    <ClInclude Include="Editor.h">
      <Filter>Component GUI\Editor\Editor</Filter>
    </ClInclude>
    <ClInclude Include="NamedPipe.h">
      <Filter>Command Line</Filter>
    </ClInclude>
    <ClInclude Include="Memdc.h">
      <Filter>Component GUI\Image Processing</Filter>
    </ClInclude>
    <ClInclude Include="MediaDoc.h">
      <Filter>Main Files\Main Skeleton\Document</Filter>
    </ClInclude>
    <ClInclude Include="MediaView.h">
      <Filter>Main Files\Main Skeleton\View</Filter>
    </ClInclude>
    <ClInclude Include="ViewBase.h">
      <Filter>Main Files\Main Skeleton\View</Filter>
    </ClInclude>
    <ClInclude Include="ComboboxMultiLine.h">
      <Filter>Component GUI\MFC GUI</Filter>
    </ClInclude>
    <ClInclude Include="ScrollHelper.h">
      <Filter>Component GUI\MFC GUI</Filter>
    </ClInclude>
    <ClInclude Include="TreeHelper.h">
      <Filter>Component GUI\MFC GUI</Filter>
    </ClInclude>
    <ClInclude Include="UndoRedoEditControl.h">
      <Filter>Component GUI\MFC GUI</Filter>
    </ClInclude>
    <ClInclude Include="FileBrowser.h">
      <Filter>Component GUI\MFC GUI</Filter>
    </ClInclude>
    <ClInclude Include="MacroDef.h">
      <Filter>Global Header</Filter>
    </ClInclude>
    <ClInclude Include="BookmarkWindow.h">
      <Filter>Dock Windows\Bookmark Window</Filter>
    </ClInclude>
    <ClInclude Include="FileExplorerWindow.h">
      <Filter>Dock Windows\File Explorer Window</Filter>
    </ClInclude>
    <ClInclude Include="SearchAndReplaceWindow.h">
      <Filter>Dock Windows\Search And Replace Window</Filter>
    </ClInclude>
    <ClInclude Include="ProjectTempateCreatorDlg.h">
      <Filter>Dialog GUI</Filter>
    </ClInclude>
    <ClInclude Include="GuiUtils.h">
      <Filter>Utils</Filter>
    </ClInclude>
    <ClInclude Include="HostDoc.h">
      <Filter>Main Files\Main Skeleton\Document</Filter>
    </ClInclude>
    <ClInclude Include="HostView.h">
      <Filter>Main Files\Main Skeleton\View</Filter>
    </ClInclude>
    <ClInclude Include="PathUtil.h">
      <Filter>Utils</Filter>
    </ClInclude>
    <ClInclude Include="OSUtil.h">
      <Filter>Utils</Filter>
    </ClInclude>
    <ClInclude Include="HostManager.h">
      <Filter>Main Files\Main Skeleton\Application</Filter>
    </ClInclude>
    <ClInclude Include="TextProgressCtrl.h">
      <Filter>Dock Windows\Status Bar Window</Filter>
    </ClInclude>
    <ClInclude Include="CMemDC.h">
      <Filter>Dock Windows\Status Bar Window</Filter>
    </ClInclude>
    <ClInclude Include="FindReplaceTextWorker.h">
      <Filter>SearchEngine</Filter>
    </ClInclude>
    <ClInclude Include="Debugger.h">
      <Filter>Dock Windows\Build Debug Window\Debugger</Filter>
    </ClInclude>
    <ClInclude Include="MultiThreadWorker.h">
      <Filter>Dock Windows\Build Debug Window\IPC</Filter>
    </ClInclude>
    <ClInclude Include="FindPathWorker.h">
      <Filter>SearchEngine</Filter>
    </ClInclude>
    <ClInclude Include="SearchNavigatePathDlg.h">
      <Filter>Dialog GUI</Filter>
    </ClInclude>
    <ClInclude Include="PathResultWindow.h">
      <Filter>Dock Windows\Search Path Result Window</Filter>
    </ClInclude>
    <ClInclude Include="VinaTextProgressBar.h">
      <Filter>Dock Windows\Status Bar Window</Filter>
    </ClInclude>
    <ClInclude Include="FileExplorerView.h">
      <Filter>Main Files\Main Skeleton\View</Filter>
    </ClInclude>
    <ClInclude Include="FileExplorerDoc.h">
      <Filter>Main Files\Main Skeleton\Document</Filter>
    </ClInclude>
    <ClInclude Include="TextResultWindow.h">
      <Filter>Dock Windows\Search Text Result Window</Filter>
    </ClInclude>
    <ClInclude Include="TextFormatConverter.h">
      <Filter>Component GUI\Editor\Editor</Filter>
    </ClInclude>
    <ClInclude Include="BreakpointWindow.h">
      <Filter>Dock Windows\Breakpoint Window</Filter>
    </ClInclude>
    <ClInclude Include="AppAboutDlg.h">
      <Filter>Main Files\Main Skeleton\Application</Filter>
    </ClInclude>
    <ClInclude Include="UnicodeUtils.h">
      <Filter>Component GUI\Editor\Editor</Filter>
    </ClInclude>
    <ClInclude Include="Hpsutils.h">
      <Filter>Component GUI\Editor\Editor</Filter>
    </ClInclude>
    <ClInclude Include="TextFile.h">
      <Filter>Component GUI\Editor\Editor</Filter>
    </ClInclude>
    <ClInclude Include="WindowsPrinter.h">
      <Filter>Windows Printer</Filter>
    </ClInclude>
    <ClInclude Include="CreateNewMultiplePath.h">
      <Filter>Dialog GUI</Filter>
    </ClInclude>
    <ClInclude Include="DialogBase.h">
      <Filter>Dialog GUI\Base</Filter>
    </ClInclude>
    <ClInclude Include="uchardet\CharDistribution.h">
      <Filter>Component GUI\Editor\Unicode Mozilla</Filter>
    </ClInclude>
    <ClInclude Include="uchardet\JpCntx.h">
      <Filter>Component GUI\Editor\Unicode Mozilla</Filter>
    </ClInclude>
    <ClInclude Include="uchardet\nsBig5Prober.h">
      <Filter>Component GUI\Editor\Unicode Mozilla</Filter>
    </ClInclude>
    <ClInclude Include="uchardet\nsCharSetProber.h">
      <Filter>Component GUI\Editor\Unicode Mozilla</Filter>
    </ClInclude>
    <ClInclude Include="uchardet\nsCodingStateMachine.h">
      <Filter>Component GUI\Editor\Unicode Mozilla</Filter>
    </ClInclude>
    <ClInclude Include="uchardet\nscore.h">
      <Filter>Component GUI\Editor\Unicode Mozilla</Filter>
    </ClInclude>
    <ClInclude Include="uchardet\nsEscCharsetProber.h">
      <Filter>Component GUI\Editor\Unicode Mozilla</Filter>
    </ClInclude>
    <ClInclude Include="uchardet\nsEUCJPProber.h">
      <Filter>Component GUI\Editor\Unicode Mozilla</Filter>
    </ClInclude>
    <ClInclude Include="uchardet\nsEUCKRProber.h">
      <Filter>Component GUI\Editor\Unicode Mozilla</Filter>
    </ClInclude>
    <ClInclude Include="uchardet\nsEUCTWProber.h">
      <Filter>Component GUI\Editor\Unicode Mozilla</Filter>
    </ClInclude>
    <ClInclude Include="uchardet\nsGB2312Prober.h">
      <Filter>Component GUI\Editor\Unicode Mozilla</Filter>
    </ClInclude>
    <ClInclude Include="uchardet\nsHebrewProber.h">
      <Filter>Component GUI\Editor\Unicode Mozilla</Filter>
    </ClInclude>
    <ClInclude Include="uchardet\nsLatin1Prober.h">
      <Filter>Component GUI\Editor\Unicode Mozilla</Filter>
    </ClInclude>
    <ClInclude Include="uchardet\nsMBCSGroupProber.h">
      <Filter>Component GUI\Editor\Unicode Mozilla</Filter>
    </ClInclude>
    <ClInclude Include="uchardet\nsPkgInt.h">
      <Filter>Component GUI\Editor\Unicode Mozilla</Filter>
    </ClInclude>
    <ClInclude Include="uchardet\nsSBCharSetProber.h">
      <Filter>Component GUI\Editor\Unicode Mozilla</Filter>
    </ClInclude>
    <ClInclude Include="uchardet\nsSBCSGroupProber.h">
      <Filter>Component GUI\Editor\Unicode Mozilla</Filter>
    </ClInclude>
    <ClInclude Include="uchardet\nsSJISProber.h">
      <Filter>Component GUI\Editor\Unicode Mozilla</Filter>
    </ClInclude>
    <ClInclude Include="uchardet\nsUniversalDetector.h">
      <Filter>Component GUI\Editor\Unicode Mozilla</Filter>
    </ClInclude>
    <ClInclude Include="uchardet\nsUTF8Prober.h">
      <Filter>Component GUI\Editor\Unicode Mozilla</Filter>
    </ClInclude>
    <ClInclude Include="uchardet\prmem.h">
      <Filter>Component GUI\Editor\Unicode Mozilla</Filter>
    </ClInclude>
    <ClInclude Include="uchardet\uchardet.h">
      <Filter>Component GUI\Editor\Unicode Mozilla</Filter>
    </ClInclude>
    <ClInclude Include="translator\POHandler.h">
      <Filter>Translator</Filter>
    </ClInclude>
    <ClInclude Include="translator\PODictionary.h">
      <Filter>Translator</Filter>
    </ClInclude>
    <ClInclude Include="EditorCommonDef.h">
      <Filter>Component GUI\Editor\Editor</Filter>
    </ClInclude>
    <ClInclude Include="EditorColorLight.h">
      <Filter>Component GUI\Editor\Editor</Filter>
    </ClInclude>
    <ClInclude Include="EditorColorDark.h">
      <Filter>Component GUI\Editor\Editor</Filter>
    </ClInclude>
    <ClInclude Include="EditorLexerDark.h">
      <Filter>Component GUI\Editor\Editor</Filter>
    </ClInclude>
    <ClInclude Include="EditorLexerLight.h">
      <Filter>Component GUI\Editor\Editor</Filter>
    </ClInclude>
    <ClInclude Include="VinaTextSettingDlg.h">
      <Filter>Settings</Filter>
    </ClInclude>
    <ClInclude Include="SettingDlgCustomize.h">
      <Filter>Settings</Filter>
    </ClInclude>
    <ClInclude Include="SettingDlgFileSystem.h">
      <Filter>Settings</Filter>
    </ClInclude>
    <ClInclude Include="SettingDlgToggle.h">
      <Filter>Settings</Filter>
    </ClInclude>
    <ClInclude Include="QuickGotoLine.h">
      <Filter>Dock Windows\Search And Replace Window\Quick Search</Filter>
    </ClInclude>
    <ClInclude Include="pdf\ArobatActiveX\AdobeAcrobatWrapper.h">
      <Filter>Component GUI\PDFViewer\Arobat Reader</Filter>
    </ClInclude>
    <ClInclude Include="pdf\UXReader\UXReaderDocumentView.h">
      <Filter>Component GUI\PDFViewer\PDFium\UXReaderView</Filter>
    </ClInclude>
    <ClInclude Include="pdf\UXReader\UXReaderDocument.h">
      <Filter>Component GUI\PDFViewer\PDFium\UXReaderView</Filter>
    </ClInclude>
    <ClInclude Include="pdf\UXReader\UXReaderDocumentPage.h">
      <Filter>Component GUI\PDFViewer\PDFium\UXReaderView</Filter>
    </ClInclude>
    <ClInclude Include="pdf\UXReader\UXReaderDocumentPane.h">
      <Filter>Component GUI\PDFViewer\PDFium\UXReaderView</Filter>
    </ClInclude>
    <ClInclude Include="pdf\UXReader\UXReaderBlank.h">
      <Filter>Component GUI\PDFViewer\PDFium\UXReaderLibrary</Filter>
    </ClInclude>
    <ClInclude Include="pdf\UXReader\UXReaderBlankPane.h">
      <Filter>Component GUI\PDFViewer\PDFium\UXReaderLibrary</Filter>
    </ClInclude>
    <ClInclude Include="pdf\UXReader\UXReaderDataSource.h">
      <Filter>Component GUI\PDFViewer\PDFium\UXReaderLibrary</Filter>
    </ClInclude>
    <ClInclude Include="pdf\UXReader\UXReaderDebug.h">
      <Filter>Component GUI\PDFViewer\PDFium\UXReaderLibrary</Filter>
    </ClInclude>
    <ClInclude Include="pdf\UXReader\UXReaderGlobals.h">
      <Filter>Component GUI\PDFViewer\PDFium\UXReaderLibrary</Filter>
    </ClInclude>
    <ClInclude Include="pdf\UXReader\UXReaderLibrary.h">
      <Filter>Component GUI\PDFViewer\PDFium\UXReaderLibrary</Filter>
    </ClInclude>
    <ClInclude Include="pdf\UXReader\UXReaderResource.h">
      <Filter>Component GUI\PDFViewer\PDFium\UXReaderLibrary</Filter>
    </ClInclude>
    <ClInclude Include="pdf\UXReader\UXReaderSupport.h">
      <Filter>Component GUI\PDFViewer\PDFium\UXReaderLibrary</Filter>
    </ClInclude>
    <ClInclude Include="pdf\UXReader\UXReaderStatusPane.h">
      <Filter>Component GUI\PDFViewer\PDFium\UXReaderToolbar</Filter>
    </ClInclude>
    <ClInclude Include="pdf\UXReader\UXReaderToolbarEdit.h">
      <Filter>Component GUI\PDFViewer\PDFium\UXReaderToolbar</Filter>
    </ClInclude>
    <ClInclude Include="pdf\UXReader\UXReaderToolbarItem.h">
      <Filter>Component GUI\PDFViewer\PDFium\UXReaderToolbar</Filter>
    </ClInclude>
    <ClInclude Include="pdf\UXReader\UXReaderToolbarPane.h">
      <Filter>Component GUI\PDFViewer\PDFium\UXReaderToolbar</Filter>
    </ClInclude>
    <ClInclude Include="pdf\UXReader\UXReaderToolbarText.h">
      <Filter>Component GUI\PDFViewer\PDFium\UXReaderToolbar</Filter>
    </ClInclude>
    <ClInclude Include="pdf\UXReader\UXReaderAction.h">
      <Filter>Component GUI\PDFViewer\PDFium\UXReaderSupport</Filter>
    </ClInclude>
    <ClInclude Include="pdf\UXReader\UXReaderDestination.h">
      <Filter>Component GUI\PDFViewer\PDFium\UXReaderSupport</Filter>
    </ClInclude>
    <ClInclude Include="pdf\UXReader\UXReaderGeometry.h">
      <Filter>Component GUI\PDFViewer\PDFium\UXReaderSupport</Filter>
    </ClInclude>
    <ClInclude Include="pdf\UXReader\UXReaderPageCache.h">
      <Filter>Component GUI\PDFViewer\PDFium\UXReaderSupport</Filter>
    </ClInclude>
    <ClInclude Include="pdf\UXReader\UXReaderSelection.h">
      <Filter>Component GUI\PDFViewer\PDFium\UXReaderSupport</Filter>
    </ClInclude>
    <ClInclude Include="pdf\UXReader\UXReaderTemplates.h">
      <Filter>Component GUI\PDFViewer\PDFium\UXReaderSupport</Filter>
    </ClInclude>
    <ClInclude Include="pdf\UXReader\common.h">
      <Filter>Component GUI\PDFViewer\PDFium\UXReaderInclude</Filter>
    </ClInclude>
    <ClInclude Include="pdf\UXReader\UXReaderMainWindow.h">
      <Filter>Component GUI\PDFViewer\PDFium\UXReaderView</Filter>
    </ClInclude>
    <ClInclude Include="WebHandler.h">
      <Filter>Internet</Filter>
    </ClInclude>
    <ClInclude Include="TemplateCreator.h">
      <Filter>Component GUI\Editor\Template File</Filter>
    </ClInclude>
    <ClInclude Include="ComboboxRegexHelper.h">
      <Filter>Dock Windows\Search And Replace Window</Filter>
    </ClInclude>
  </ItemGroup>
  <ItemGroup>
    <ClCompile Include="EditorDatabase.cpp">
      <Filter>Component GUI\Editor\Database</Filter>
    </ClCompile>
    <ClCompile Include="FileExplorerCtrl.cpp">
      <Filter>Dock Windows\File Explorer Window</Filter>
    </ClCompile>
    <ClCompile Include="FileExplorerDlg.cpp">
      <Filter>Dock Windows\File Explorer Window</Filter>
    </ClCompile>
    <ClCompile Include="ProgramStatusBarEx.cpp">
      <Filter>Dock Windows\Status Bar Window</Filter>
    </ClCompile>
    <ClCompile Include="FindDlg.cpp">
      <Filter>Dock Windows\Search And Replace Window</Filter>
    </ClCompile>
    <ClCompile Include="ReplaceDlg.cpp">
      <Filter>Dock Windows\Search And Replace Window</Filter>
    </ClCompile>
    <ClCompile Include="DockPaneBase.cpp">
      <Filter>Dock Windows\Base</Filter>
    </ClCompile>
    <ClCompile Include="GotoDlg.cpp">
      <Filter>Dock Windows\Search And Replace Window</Filter>
    </ClCompile>
    <ClCompile Include="SearchAndReplaceDlg.cpp">
      <Filter>Dock Windows\Search And Replace Window</Filter>
    </ClCompile>
    <ClCompile Include="ShellContextMenu.cpp">
      <Filter>Dock Windows\File Explorer Window</Filter>
    </ClCompile>
    <ClCompile Include="tinyXml\tinystr.cpp">
      <Filter>TinyXml</Filter>
    </ClCompile>
    <ClCompile Include="tinyXml\tinyxml.cpp">
      <Filter>TinyXml</Filter>
    </ClCompile>
    <ClCompile Include="tinyXml\tinyxmlerror.cpp">
      <Filter>TinyXml</Filter>
    </ClCompile>
    <ClCompile Include="tinyXml\tinyxmlparser.cpp">
      <Filter>TinyXml</Filter>
    </ClCompile>
    <ClCompile Include="CommandLine.cpp">
      <Filter>Command Line</Filter>
    </ClCompile>
    <ClCompile Include="MessageWindow.cpp">
      <Filter>Dock Windows\Message Window</Filter>
    </ClCompile>
    <ClCompile Include="BuildWindow.cpp">
      <Filter>Dock Windows\Build Debug Window</Filter>
    </ClCompile>
    <ClCompile Include="StringHelper.cpp">
      <Filter>Utils</Filter>
    </ClCompile>
    <ClCompile Include="SetDeleteFileByExtDlg.cpp">
      <Filter>Dialog GUI</Filter>
    </ClCompile>
    <ClCompile Include="SetBookmarkPathDlg.cpp">
      <Filter>Dialog GUI</Filter>
    </ClCompile>
    <ClCompile Include="SelectedPathDlg.cpp">
      <Filter>Dialog GUI</Filter>
    </ClCompile>
    <ClCompile Include="RemoveFromXToYDlg.cpp">
      <Filter>Dialog GUI</Filter>
    </ClCompile>
    <ClCompile Include="FilenameFilterDlg.cpp">
      <Filter>Dialog GUI</Filter>
    </ClCompile>
    <ClCompile Include="EditWithXDlg.cpp">
      <Filter>Dialog GUI</Filter>
    </ClCompile>
    <ClCompile Include="RemoveAfterBeforeWordDlg.cpp">
      <Filter>Dialog GUI</Filter>
    </ClCompile>
    <ClCompile Include="BookMarkPathDlg.cpp">
      <Filter>Dialog GUI</Filter>
    </ClCompile>
    <ClCompile Include="InsertFromPositionXDlg.cpp">
      <Filter>Dialog GUI</Filter>
    </ClCompile>
    <ClCompile Include="InsertAfterWordInLineDlg.cpp">
      <Filter>Dialog GUI</Filter>
    </ClCompile>
    <ClCompile Include="BracketOutLineDlg.cpp">
      <Filter>Dock Windows\Search And Replace Window</Filter>
    </ClCompile>
    <ClCompile Include="RAIIUtils.cpp">
      <Filter>Utils</Filter>
    </ClCompile>
    <ClCompile Include="Cryptography.cpp">
      <Filter>Component GUI\Editor\File IO</Filter>
    </ClCompile>
    <ClCompile Include="SystemInfo.cpp">
      <Filter>Utils</Filter>
    </ClCompile>
    <ClCompile Include="CodePageMFC.cpp">
      <Filter>Code Page</Filter>
    </ClCompile>
    <ClCompile Include="CodePageMFCDlg.cpp">
      <Filter>Code Page</Filter>
    </ClCompile>
    <ClCompile Include="Compiler.cpp">
      <Filter>Dock Windows\Build Debug Window\Compiler</Filter>
    </ClCompile>
    <ClCompile Include="FileUtil.cpp">
      <Filter>Utils</Filter>
    </ClCompile>
    <ClCompile Include="LexerParser.cpp">
      <Filter>Component GUI\Editor\Lexer</Filter>
    </ClCompile>
    <ClCompile Include="InsertBetweenLines.cpp">
      <Filter>Dialog GUI</Filter>
    </ClCompile>
    <ClCompile Include="ImageDoc.cpp">
      <Filter>Main Files\Main Skeleton\Document</Filter>
    </ClCompile>
    <ClCompile Include="EditorDoc.cpp">
      <Filter>Main Files\Main Skeleton\Document</Filter>
    </ClCompile>
    <ClCompile Include="PdfDoc.cpp">
      <Filter>Main Files\Main Skeleton\Document</Filter>
    </ClCompile>
    <ClCompile Include="BaseDoc.cpp">
      <Filter>Main Files\Main Skeleton\Document</Filter>
    </ClCompile>
    <ClCompile Include="ChildFrm.cpp">
      <Filter>Main Files\Main Skeleton\Frame UI</Filter>
    </ClCompile>
    <ClCompile Include="MainFrm.cpp">
      <Filter>Main Files\Main Skeleton\Frame UI</Filter>
    </ClCompile>
    <ClCompile Include="SingleInstanceApp.cpp">
      <Filter>Main Files\Main Skeleton\Application</Filter>
    </ClCompile>
    <ClCompile Include="AppSettings.cpp">
      <Filter>Settings</Filter>
    </ClCompile>
    <ClCompile Include="VinaTextApp.cpp">
      <Filter>Main Files\Main Skeleton\Application</Filter>
    </ClCompile>
    <ClCompile Include="GammaDlg.cpp">
      <Filter>Dialog GUI</Filter>
    </ClCompile>
    <ClCompile Include="MultiDocTemplateEx.cpp">
      <Filter>Main Files\Main Skeleton\Application</Filter>
    </ClCompile>
    <ClCompile Include="AppUtil.cpp">
      <Filter>Utils</Filter>
    </ClCompile>
    <ClCompile Include="SpellChecker.cpp">
      <Filter>Utils</Filter>
    </ClCompile>
    <ClCompile Include="MisspelledReplaceWithDlg.cpp">
      <Filter>Dialog GUI</Filter>
    </ClCompile>
    <ClCompile Include="EditorView.cpp">
      <Filter>Main Files\Main Skeleton\View</Filter>
    </ClCompile>
    <ClCompile Include="ImageView.cpp">
      <Filter>Main Files\Main Skeleton\View</Filter>
    </ClCompile>
    <ClCompile Include="PdfView.cpp">
      <Filter>Main Files\Main Skeleton\View</Filter>
    </ClCompile>
    <ClCompile Include="RecentCloseFileManager.cpp">
      <Filter>Main Files\Main Skeleton\Application</Filter>
    </ClCompile>
    <ClCompile Include="QuickSearchDialog.cpp">
      <Filter>Dock Windows\Search And Replace Window\Quick Search</Filter>
    </ClCompile>
    <ClCompile Include="QuickSearch.cpp">
      <Filter>Dock Windows\Search And Replace Window\Quick Search</Filter>
    </ClCompile>
    <ClCompile Include="QuickReplace.cpp">
      <Filter>Dock Windows\Search And Replace Window\Quick Search</Filter>
    </ClCompile>
    <ClCompile Include="ReopenFileWithPasswordDlg.cpp">
      <Filter>Dialog GUI</Filter>
    </ClCompile>
    <ClCompile Include="SaveFileWithPassWordDlg.cpp">
      <Filter>Dialog GUI</Filter>
    </ClCompile>
    <ClCompile Include="CWMPEventDispatch.cpp">
      <Filter>Component GUI\Media</Filter>
    </ClCompile>
    <ClCompile Include="CWMPHost.cpp">
      <Filter>Component GUI\Media</Filter>
    </ClCompile>
    <ClCompile Include="GifHandler.cpp">
      <Filter>Component GUI\Image Processing</Filter>
    </ClCompile>
    <ClCompile Include="Editor.cpp">
      <Filter>Component GUI\Editor\Editor</Filter>
    </ClCompile>
    <ClCompile Include="MediaDoc.cpp">
      <Filter>Main Files\Main Skeleton\Document</Filter>
    </ClCompile>
    <ClCompile Include="MediaView.cpp">
      <Filter>Main Files\Main Skeleton\View</Filter>
    </ClCompile>
    <ClCompile Include="ViewBase.cpp">
      <Filter>Main Files\Main Skeleton\View</Filter>
    </ClCompile>
    <ClCompile Include="ComboboxMultiLine.cpp">
      <Filter>Component GUI\MFC GUI</Filter>
    </ClCompile>
    <ClCompile Include="ScrollHelper.cpp">
      <Filter>Component GUI\MFC GUI</Filter>
    </ClCompile>
    <ClCompile Include="TreeHelper.cpp">
      <Filter>Component GUI\MFC GUI</Filter>
    </ClCompile>
    <ClCompile Include="UndoRedoEditControl.cpp">
      <Filter>Component GUI\MFC GUI</Filter>
    </ClCompile>
    <ClCompile Include="FileBrowser.cpp">
      <Filter>Component GUI\MFC GUI</Filter>
    </ClCompile>
    <ClCompile Include="BookmarkWindow.cpp">
      <Filter>Dock Windows\Bookmark Window</Filter>
    </ClCompile>
    <ClCompile Include="FileExplorerWindow.cpp">
      <Filter>Dock Windows\File Explorer Window</Filter>
    </ClCompile>
    <ClCompile Include="SearchAndReplaceWindow.cpp">
      <Filter>Dock Windows\Search And Replace Window</Filter>
    </ClCompile>
    <ClCompile Include="ProjectTempateCreatorDlg.cpp">
      <Filter>Dialog GUI</Filter>
    </ClCompile>
    <ClCompile Include="GuiUtils.cpp">
      <Filter>Utils</Filter>
    </ClCompile>
    <ClCompile Include="HostDoc.cpp">
      <Filter>Main Files\Main Skeleton\Document</Filter>
    </ClCompile>
    <ClCompile Include="HostView.cpp">
      <Filter>Main Files\Main Skeleton\View</Filter>
    </ClCompile>
    <ClCompile Include="PathUtil.cpp">
      <Filter>Utils</Filter>
    </ClCompile>
    <ClCompile Include="OSUtil.cpp">
      <Filter>Utils</Filter>
    </ClCompile>
    <ClCompile Include="HostManager.cpp">
      <Filter>Main Files\Main Skeleton\Application</Filter>
    </ClCompile>
    <ClCompile Include="STLHelper.h">
      <Filter>Global Header</Filter>
    </ClCompile>
    <ClCompile Include="TextProgressCtrl.cpp">
      <Filter>Dock Windows\Status Bar Window</Filter>
    </ClCompile>
    <ClCompile Include="FindReplaceTextWorker.cpp">
      <Filter>SearchEngine</Filter>
    </ClCompile>
    <ClCompile Include="Debugger.cpp">
      <Filter>Dock Windows\Build Debug Window\Debugger</Filter>
    </ClCompile>
    <ClCompile Include="MultiThreadWorker.cpp">
      <Filter>Dock Windows\Build Debug Window\IPC</Filter>
    </ClCompile>
    <ClCompile Include="FindPathWorker.cpp">
      <Filter>SearchEngine</Filter>
    </ClCompile>
    <ClCompile Include="SearchNavigatePathDlg.cpp">
      <Filter>Dialog GUI</Filter>
    </ClCompile>
    <ClCompile Include="PathResultWindow.cpp">
      <Filter>Dock Windows\Search Path Result Window</Filter>
    </ClCompile>
    <ClCompile Include="VinaTextProgressBar.cpp">
      <Filter>Dock Windows\Status Bar Window</Filter>
    </ClCompile>
    <ClCompile Include="FileExplorerDoc.cpp">
      <Filter>Main Files\Main Skeleton\Document</Filter>
    </ClCompile>
    <ClCompile Include="TextResultWindow.cpp">
      <Filter>Dock Windows\Search Text Result Window</Filter>
    </ClCompile>
    <ClCompile Include="TextFormatConverter.cpp">
      <Filter>Component GUI\Editor\Editor</Filter>
    </ClCompile>
    <ClCompile Include="BreakpointWindow.cpp">
      <Filter>Dock Windows\Breakpoint Window</Filter>
    </ClCompile>
    <ClCompile Include="AppAboutDlg.cpp">
      <Filter>Main Files\Main Skeleton\Application</Filter>
    </ClCompile>
    <ClCompile Include="UnicodeUtils.cpp">
      <Filter>Component GUI\Editor\Editor</Filter>
    </ClCompile>
    <ClCompile Include="Hpslib.cpp">
      <Filter>Component GUI\Editor\Editor</Filter>
    </ClCompile>
    <ClCompile Include="TextFile.cpp">
      <Filter>Component GUI\Editor\Editor</Filter>
    </ClCompile>
    <ClCompile Include="WindowsPrinter.cpp">
      <Filter>Windows Printer</Filter>
    </ClCompile>
    <ClCompile Include="CreateNewMultiplePath.cpp">
      <Filter>Dialog GUI</Filter>
    </ClCompile>
    <ClCompile Include="DialogBase.cpp">
      <Filter>Dialog GUI\Base</Filter>
    </ClCompile>
    <ClCompile Include="uchardet\CharDistribution.cpp">
      <Filter>Component GUI\Editor\Unicode Mozilla</Filter>
    </ClCompile>
    <ClCompile Include="uchardet\JpCntx.cpp">
      <Filter>Component GUI\Editor\Unicode Mozilla</Filter>
    </ClCompile>
    <ClCompile Include="uchardet\LangBulgarianModel.cpp">
      <Filter>Component GUI\Editor\Unicode Mozilla</Filter>
    </ClCompile>
    <ClCompile Include="uchardet\LangCyrillicModel.cpp">
      <Filter>Component GUI\Editor\Unicode Mozilla</Filter>
    </ClCompile>
    <ClCompile Include="uchardet\LangGreekModel.cpp">
      <Filter>Component GUI\Editor\Unicode Mozilla</Filter>
    </ClCompile>
    <ClCompile Include="uchardet\LangHebrewModel.cpp">
      <Filter>Component GUI\Editor\Unicode Mozilla</Filter>
    </ClCompile>
    <ClCompile Include="uchardet\LangHungarianModel.cpp">
      <Filter>Component GUI\Editor\Unicode Mozilla</Filter>
    </ClCompile>
    <ClCompile Include="uchardet\LangThaiModel.cpp">
      <Filter>Component GUI\Editor\Unicode Mozilla</Filter>
    </ClCompile>
    <ClCompile Include="uchardet\nsBig5Prober.cpp">
      <Filter>Component GUI\Editor\Unicode Mozilla</Filter>
    </ClCompile>
    <ClCompile Include="uchardet\nsCharSetProber.cpp">
      <Filter>Component GUI\Editor\Unicode Mozilla</Filter>
    </ClCompile>
    <ClCompile Include="uchardet\nsEscCharsetProber.cpp">
      <Filter>Component GUI\Editor\Unicode Mozilla</Filter>
    </ClCompile>
    <ClCompile Include="uchardet\nsEscSM.cpp">
      <Filter>Component GUI\Editor\Unicode Mozilla</Filter>
    </ClCompile>
    <ClCompile Include="uchardet\nsEUCJPProber.cpp">
      <Filter>Component GUI\Editor\Unicode Mozilla</Filter>
    </ClCompile>
    <ClCompile Include="uchardet\nsEUCKRProber.cpp">
      <Filter>Component GUI\Editor\Unicode Mozilla</Filter>
    </ClCompile>
    <ClCompile Include="uchardet\nsEUCTWProber.cpp">
      <Filter>Component GUI\Editor\Unicode Mozilla</Filter>
    </ClCompile>
    <ClCompile Include="uchardet\nsGB2312Prober.cpp">
      <Filter>Component GUI\Editor\Unicode Mozilla</Filter>
    </ClCompile>
    <ClCompile Include="uchardet\nsHebrewProber.cpp">
      <Filter>Component GUI\Editor\Unicode Mozilla</Filter>
    </ClCompile>
    <ClCompile Include="uchardet\nsLatin1Prober.cpp">
      <Filter>Component GUI\Editor\Unicode Mozilla</Filter>
    </ClCompile>
    <ClCompile Include="uchardet\nsMBCSGroupProber.cpp">
      <Filter>Component GUI\Editor\Unicode Mozilla</Filter>
    </ClCompile>
    <ClCompile Include="uchardet\nsMBCSSM.cpp">
      <Filter>Component GUI\Editor\Unicode Mozilla</Filter>
    </ClCompile>
    <ClCompile Include="uchardet\nsSBCharSetProber.cpp">
      <Filter>Component GUI\Editor\Unicode Mozilla</Filter>
    </ClCompile>
    <ClCompile Include="uchardet\nsSBCSGroupProber.cpp">
      <Filter>Component GUI\Editor\Unicode Mozilla</Filter>
    </ClCompile>
    <ClCompile Include="uchardet\nsSJISProber.cpp">
      <Filter>Component GUI\Editor\Unicode Mozilla</Filter>
    </ClCompile>
    <ClCompile Include="uchardet\nsUniversalDetector.cpp">
      <Filter>Component GUI\Editor\Unicode Mozilla</Filter>
    </ClCompile>
    <ClCompile Include="uchardet\nsUTF8Prober.cpp">
      <Filter>Component GUI\Editor\Unicode Mozilla</Filter>
    </ClCompile>
    <ClCompile Include="uchardet\uchardet.cpp">
      <Filter>Component GUI\Editor\Unicode Mozilla</Filter>
    </ClCompile>
    <ClCompile Include="translator\POHandler.cpp">
      <Filter>Translator</Filter>
    </ClCompile>
    <ClCompile Include="translator\PODictionary.cpp">
      <Filter>Translator</Filter>
    </ClCompile>
    <ClCompile Include="FileExplorerView.cpp">
      <Filter>Main Files\Main Skeleton\View</Filter>
    </ClCompile>
    <ClCompile Include="EditorLexerDark.cpp">
      <Filter>Component GUI\Editor\Editor</Filter>
    </ClCompile>
    <ClCompile Include="EditorLexerLight.cpp">
      <Filter>Component GUI\Editor\Editor</Filter>
    </ClCompile>
    <ClCompile Include="VinaTextSettingDlg.cpp">
      <Filter>Settings</Filter>
    </ClCompile>
    <ClCompile Include="SettingDlgCustomize.cpp">
      <Filter>Settings</Filter>
    </ClCompile>
    <ClCompile Include="SettingDlgFileSystem.cpp">
      <Filter>Settings</Filter>
    </ClCompile>
    <ClCompile Include="SettingDlgToggle.cpp">
      <Filter>Settings</Filter>
    </ClCompile>
    <ClCompile Include="QuickGotoLine.cpp">
      <Filter>Dock Windows\Search And Replace Window\Quick Search</Filter>
    </ClCompile>
    <ClCompile Include="pdf\ArobatActiveX\AdobeAcrobatWrapper.cpp">
      <Filter>Component GUI\PDFViewer\Arobat Reader</Filter>
    </ClCompile>
    <ClCompile Include="pdf\UXReader\UXReaderDocument.cpp">
      <Filter>Component GUI\PDFViewer\PDFium\UXReaderView</Filter>
    </ClCompile>
    <ClCompile Include="pdf\UXReader\UXReaderDocumentView.cpp">
      <Filter>Component GUI\PDFViewer\PDFium\UXReaderView</Filter>
    </ClCompile>
    <ClCompile Include="pdf\UXReader\UXReaderDocumentPane.cpp">
      <Filter>Component GUI\PDFViewer\PDFium\UXReaderView</Filter>
    </ClCompile>
    <ClCompile Include="pdf\UXReader\UXReaderDocumentPage.cpp">
      <Filter>Component GUI\PDFViewer\PDFium\UXReaderView</Filter>
    </ClCompile>
    <ClCompile Include="pdf\UXReader\UXReaderBlankPane.cpp">
      <Filter>Component GUI\PDFViewer\PDFium\UXReaderLibrary</Filter>
    </ClCompile>
    <ClCompile Include="pdf\UXReader\UXReaderDataSource.cpp">
      <Filter>Component GUI\PDFViewer\PDFium\UXReaderLibrary</Filter>
    </ClCompile>
    <ClCompile Include="pdf\UXReader\UXReaderDebug.cpp">
      <Filter>Component GUI\PDFViewer\PDFium\UXReaderLibrary</Filter>
    </ClCompile>
    <ClCompile Include="pdf\UXReader\UXReaderGlobals.cpp">
      <Filter>Component GUI\PDFViewer\PDFium\UXReaderLibrary</Filter>
    </ClCompile>
    <ClCompile Include="pdf\UXReader\UXReaderLibrary.cpp">
      <Filter>Component GUI\PDFViewer\PDFium\UXReaderLibrary</Filter>
    </ClCompile>
    <ClCompile Include="pdf\UXReader\UXReaderResource.cpp">
      <Filter>Component GUI\PDFViewer\PDFium\UXReaderLibrary</Filter>
    </ClCompile>
    <ClCompile Include="pdf\UXReader\UXReaderSupport.cpp">
      <Filter>Component GUI\PDFViewer\PDFium\UXReaderLibrary</Filter>
    </ClCompile>
    <ClCompile Include="pdf\UXReader\UXReaderStatusPane.cpp">
      <Filter>Component GUI\PDFViewer\PDFium\UXReaderToolbar</Filter>
    </ClCompile>
    <ClCompile Include="pdf\UXReader\UXReaderToolbarEdit.cpp">
      <Filter>Component GUI\PDFViewer\PDFium\UXReaderToolbar</Filter>
    </ClCompile>
    <ClCompile Include="pdf\UXReader\UXReaderToolbarItem.cpp">
      <Filter>Component GUI\PDFViewer\PDFium\UXReaderToolbar</Filter>
    </ClCompile>
    <ClCompile Include="pdf\UXReader\UXReaderToolbarPane.cpp">
      <Filter>Component GUI\PDFViewer\PDFium\UXReaderToolbar</Filter>
    </ClCompile>
    <ClCompile Include="pdf\UXReader\UXReaderToolbarText.cpp">
      <Filter>Component GUI\PDFViewer\PDFium\UXReaderToolbar</Filter>
    </ClCompile>
    <ClCompile Include="pdf\UXReader\UXReaderAction.cpp">
      <Filter>Component GUI\PDFViewer\PDFium\UXReaderSupport</Filter>
    </ClCompile>
    <ClCompile Include="pdf\UXReader\UXReaderDestination.cpp">
      <Filter>Component GUI\PDFViewer\PDFium\UXReaderSupport</Filter>
    </ClCompile>
    <ClCompile Include="pdf\UXReader\UXReaderGeometry.cpp">
      <Filter>Component GUI\PDFViewer\PDFium\UXReaderSupport</Filter>
    </ClCompile>
    <ClCompile Include="pdf\UXReader\UXReaderPageCache.cpp">
      <Filter>Component GUI\PDFViewer\PDFium\UXReaderSupport</Filter>
    </ClCompile>
    <ClCompile Include="pdf\UXReader\UXReaderSelection.cpp">
      <Filter>Component GUI\PDFViewer\PDFium\UXReaderSupport</Filter>
    </ClCompile>
    <ClCompile Include="pdf\UXReader\UXReaderTemplates.cpp">
      <Filter>Component GUI\PDFViewer\PDFium\UXReaderSupport</Filter>
    </ClCompile>
    <ClCompile Include="pdf\UXReader\common.cpp">
      <Filter>Component GUI\PDFViewer\PDFium\UXReaderInclude</Filter>
    </ClCompile>
    <ClCompile Include="stdafx.cpp">
      <Filter>Global Header</Filter>
    </ClCompile>
    <ClCompile Include="pdf\UXReader\UXReaderMainWindow.cpp">
      <Filter>Component GUI\PDFViewer\PDFium\UXReaderView</Filter>
    </ClCompile>
    <ClCompile Include="WebHandler.cpp">
      <Filter>Internet</Filter>
    </ClCompile>
    <ClCompile Include="TemplateCreator.cpp">
      <Filter>Component GUI\Editor\Template File</Filter>
    </ClCompile>
    <ClCompile Include="ComboboxRegexHelper.cpp">
      <Filter>Dock Windows\Search And Replace Window</Filter>
    </ClCompile>
  </ItemGroup>
  <ItemGroup>
    <ResourceCompile Include="VinaText.rc">
      <Filter>Resource Files</Filter>
    </ResourceCompile>
  </ItemGroup>
  <ItemGroup>
    <Image Include="UserImages.bmp">
      <Filter>Resource Files</Filter>
    </Image>
    <Image Include="res\Toolbar.bmp">
      <Filter>Resource Files</Filter>
    </Image>
    <Image Include="res\Toolbar256.bmp">
      <Filter>Resource Files</Filter>
    </Image>
    <Image Include="..\..\..\..\..\Downloads\Matiasam-Ios7-Style-Notes.ico">
      <Filter>Resource Files</Filter>
    </Image>
    <Image Include="..\..\..\..\..\Downloads\3xhumed-Mega-Games-Pack-40-Starcraft-2-Editor-2.ico">
      <Filter>Resource Files</Filter>
    </Image>
    <Image Include="..\..\..\..\..\Downloads\Designcontest-Ecommerce-Business-Notes.ico">
      <Filter>Resource Files</Filter>
    </Image>
    <Image Include="res\app.ico">
      <Filter>Resource Files</Filter>
    </Image>
    <Image Include="res\doc.ico">
      <Filter>Resource Files</Filter>
    </Image>
    <Image Include="res\explorer.ico">
      <Filter>Resource Files</Filter>
    </Image>
    <Image Include="res\log.ico">
      <Filter>Resource Files</Filter>
    </Image>
    <Image Include="res\Toolbar24.bmp">
      <Filter>Resource Files</Filter>
    </Image>
    <Image Include="res\ToolbarBreakPoint24.bmp">
      <Filter>Resource Files</Filter>
    </Image>
    <Image Include="res\ToolbarBuild24.bmp">
      <Filter>Resource Files</Filter>
    </Image>
    <Image Include="res\explorerwindow.ico">
      <Filter>Resource Files</Filter>
    </Image>
    <Image Include="res\logwindow.ico">
      <Filter>Resource Files</Filter>
    </Image>
    <Image Include="res\searchwindow.ico">
      <Filter>Resource Files</Filter>
    </Image>
    <Image Include="res\search.ico">
      <Filter>Resource Files</Filter>
    </Image>
    <Image Include="res\replace.ico">
      <Filter>Resource Files</Filter>
    </Image>
    <Image Include="res\goto.ico">
      <Filter>Resource Files</Filter>
    </Image>
    <Image Include="res\ToolbarBreakPoint.bmp">
      <Filter>Resource Files</Filter>
    </Image>
    <Image Include="res\ToolbarBuild.bmp">
      <Filter>Resource Files</Filter>
    </Image>
    <Image Include="res\Insert.bmp">
      <Filter>Resource Files</Filter>
    </Image>
    <Image Include="res\menu_img.bmp">
      <Filter>Resource Files</Filter>
    </Image>
    <Image Include="res\menu256.bmp">
      <Filter>Resource Files</Filter>
    </Image>
    <Image Include="res\Toolbar1.bmp">
      <Filter>Resource Files</Filter>
    </Image>
    <Image Include="res\Toolbar2.bmp">
      <Filter>Resource Files</Filter>
    </Image>
    <Image Include="res\docreadonly.ico">
      <Filter>Resource Files</Filter>
    </Image>
    <Image Include="res\searchresultwindow.ico">
      <Filter>Resource Files</Filter>
    </Image>
    <Image Include="res\build.ico">
      <Filter>Resource Files</Filter>
    </Image>
    <Image Include="res\brackets_outline.ico">
      <Filter>Resource Files</Filter>
    </Image>
    <Image Include="res\Debugger.bmp">
      <Filter>Resource Files</Filter>
    </Image>
    <Image Include="res\Debugger24.bmp">
      <Filter>Resource Files</Filter>
    </Image>
    <Image Include="res\Explorertoolbar16.bmp">
      <Filter>Resource Files</Filter>
    </Image>
    <Image Include="res\Explorertoolbar24.bmp">
      <Filter>Resource Files</Filter>
    </Image>
    <Image Include="res\Folder.bmp">
      <Filter>Resource Files</Filter>
    </Image>
    <Image Include="res\autocomplete.ico">
      <Filter>Resource Files</Filter>
    </Image>
    <Image Include="res\editor.ico">
      <Filter>Resource Files</Filter>
    </Image>
    <Image Include="res\image.ico">
      <Filter>Resource Files</Filter>
    </Image>
    <Image Include="res\pdf.ico">
      <Filter>Resource Files</Filter>
    </Image>
    <Image Include="res\media.ico">
      <Filter>Resource Files</Filter>
    </Image>
    <Image Include="res\host.ico">
      <Filter>Resource Files</Filter>
    </Image>
    <Image Include="res\buildwindow.ico">
      <Filter>Resource Files</Filter>
    </Image>
    <Image Include="res\bookmarkwindow.ico">
      <Filter>Resource Files</Filter>
    </Image>
    <Image Include="res\terminal.ico">
      <Filter>Resource Files</Filter>
    </Image>
    <Image Include="res\msinternet.ico">
      <Filter>Resource Files</Filter>
    </Image>
    <Image Include="res\mspaint.ico">
      <Filter>Resource Files</Filter>
    </Image>
    <Image Include="res\msppt.ico">
      <Filter>Resource Files</Filter>
    </Image>
    <Image Include="res\msexcel.ico">
      <Filter>Resource Files</Filter>
    </Image>
    <Image Include="res\msword.ico">
      <Filter>Resource Files</Filter>
    </Image>
    <Image Include="res\googlechrome.ico">
      <Filter>Resource Files</Filter>
    </Image>
    <Image Include="res\mozillafirefox.ico">
      <Filter>Resource Files</Filter>
    </Image>
    <Image Include="res\fileresultwindow.ico">
      <Filter>Resource Files</Filter>
    </Image>
    <Image Include="res\fileexplorer.ico">
      <Filter>Resource Files</Filter>
    </Image>
    <Image Include="res\breakpointwindow.ico">
      <Filter>Resource Files</Filter>
    </Image>
    <Image Include="res\textreferencewindow.ico">
      <Filter>Resource Files</Filter>
    </Image>
    <Image Include="res\settingtab.ico">
      <Filter>Resource Files</Filter>
    </Image>
    <Image Include="C:\Users\TechnoStar\Downloads\add-file.png">
      <Filter>Resource Files</Filter>
    </Image>
    <Image Include="res\VinaText.ico">
      <Filter>Resource Files</Filter>
    </Image>
    <Image Include="res\VinaTextDoc.ico">
      <Filter>Resource Files</Filter>
    </Image>
    <Image Include="..\res\app.ico">
      <Filter>Resource Files</Filter>
    </Image>
    <Image Include="..\res\editor.ico">
      <Filter>Resource Files</Filter>
    </Image>
    <Image Include="..\res\image.ico">
      <Filter>Resource Files</Filter>
    </Image>
    <Image Include="..\res\pdf.ico">
      <Filter>Resource Files</Filter>
    </Image>
    <Image Include="..\res\media.ico">
      <Filter>Resource Files</Filter>
    </Image>
    <Image Include="..\res\host.ico">
      <Filter>Resource Files</Filter>
    </Image>
    <Image Include="..\res\fileexplorer.ico">
      <Filter>Resource Files</Filter>
    </Image>
    <Image Include="..\res\terminal.ico">
      <Filter>Resource Files</Filter>
    </Image>
    <Image Include="..\res\msinternet.ico">
      <Filter>Resource Files</Filter>
    </Image>
    <Image Include="..\res\googlechrome.ico">
      <Filter>Resource Files</Filter>
    </Image>
    <Image Include="..\res\mozillafirefox.ico">
      <Filter>Resource Files</Filter>
    </Image>
    <Image Include="..\res\mspaint.ico">
      <Filter>Resource Files</Filter>
    </Image>
    <Image Include="..\res\msppt.ico">
      <Filter>Resource Files</Filter>
    </Image>
    <Image Include="..\res\msexcel.ico">
      <Filter>Resource Files</Filter>
    </Image>
    <Image Include="..\res\msword.ico">
      <Filter>Resource Files</Filter>
    </Image>
    <Image Include="..\res\docreadonly.ico">
      <Filter>Resource Files</Filter>
    </Image>
    <Image Include="..\res\explorerwindow.ico">
      <Filter>Resource Files</Filter>
    </Image>
    <Image Include="..\res\logwindow.ico">
      <Filter>Resource Files</Filter>
    </Image>
    <Image Include="..\res\searchwindow.ico">
      <Filter>Resource Files</Filter>
    </Image>
    <Image Include="..\res\searchresultwindow.ico">
      <Filter>Resource Files</Filter>
    </Image>
    <Image Include="..\res\buildwindow.ico">
      <Filter>Resource Files</Filter>
    </Image>
    <Image Include="..\res\bookmarkwindow.ico">
      <Filter>Resource Files</Filter>
    </Image>
    <Image Include="..\res\fileresultwindow.ico">
      <Filter>Resource Files</Filter>
    </Image>
    <Image Include="..\res\search.ico">
      <Filter>Resource Files</Filter>
    </Image>
    <Image Include="..\res\replace.ico">
      <Filter>Resource Files</Filter>
    </Image>
    <Image Include="..\res\goto.ico">
      <Filter>Resource Files</Filter>
    </Image>
    <Image Include="..\res\brackets_outline.ico">
      <Filter>Resource Files</Filter>
    </Image>
    <Image Include="..\res\autocomplete.ico">
      <Filter>Resource Files</Filter>
    </Image>
    <Image Include="..\res\breakpointwindow.ico">
      <Filter>Resource Files</Filter>
    </Image>
    <Image Include="..\res\settingtab.ico">
      <Filter>Resource Files</Filter>
    </Image>
    <Image Include="..\res\Toolbar.bmp">
      <Filter>Resource Files</Filter>
    </Image>
    <Image Include="..\res\Toolbar24.bmp">
      <Filter>Resource Files</Filter>
    </Image>
    <Image Include="..\res\Debugger.bmp">
      <Filter>Resource Files</Filter>
    </Image>
    <Image Include="..\res\Debugger24.bmp">
      <Filter>Resource Files</Filter>
    </Image>
    <Image Include="..\res\Explorertoolbar16.bmp">
      <Filter>Resource Files</Filter>
    </Image>
    <Image Include="..\res\Explorertoolbar24.bmp">
      <Filter>Resource Files</Filter>
    </Image>
    <Image Include="..\res\Folder.bmp">
      <Filter>Resource Files</Filter>
    </Image>
  </ItemGroup>
  <ItemGroup>
    <None Include="res\tfdropcopy.cur">
      <Filter>Resource Files</Filter>
    </None>
    <None Include="res\tfnodropcopy.cur">
      <Filter>Resource Files</Filter>
    </None>
    <None Include="res\tfnodropmove.cur">
      <Filter>Resource Files</Filter>
    </None>
    <None Include="VinaText.rgs">
      <Filter>Resource Files</Filter>
    </None>
    <None Include="Hpslib.hr">
      <Filter>Component GUI\Editor\Editor</Filter>
    </None>
    <None Include="uchardet\Big5Freq.tab">
      <Filter>Component GUI\Editor\Unicode Mozilla</Filter>
    </None>
    <None Include="uchardet\EUCKRFreq.tab">
      <Filter>Component GUI\Editor\Unicode Mozilla</Filter>
    </None>
    <None Include="uchardet\EUCTWFreq.tab">
      <Filter>Component GUI\Editor\Unicode Mozilla</Filter>
    </None>
    <None Include="uchardet\GB2312Freq.tab">
      <Filter>Component GUI\Editor\Unicode Mozilla</Filter>
    </None>
    <None Include="uchardet\JISFreq.tab">
      <Filter>Component GUI\Editor\Unicode Mozilla</Filter>
    </None>
    <None Include="VinaText.aps" />
    <None Include="res\VinaText.rc2">
      <Filter>Resource Files</Filter>
    </None>
    <None Include="..\res\tfdropcopy.cur">
      <Filter>Resource Files</Filter>
    </None>
    <None Include="..\res\tfnodropcopy.cur">
      <Filter>Resource Files</Filter>
    </None>
    <None Include="..\res\tfnodropmove.cur">
      <Filter>Resource Files</Filter>
    </None>
  </ItemGroup>
  <ItemGroup>
    <Midl Include="VinaText.idl" />
  </ItemGroup>
</Project>